
Microsoft Visual Studio Solution File, Format Version 12.00
# Visual Studio Version 16
VisualStudioVersion = 16.0.29519.87
MinimumVisualStudioVersion = 10.0.40219.1
Project("{FAE04EC0-301F-11D3-BF4B-00C04F79EFBC}") = "UIAutomation", "UIAutomation\UIAutomation.csproj", "{89B7DC34-0493-4209-AB57-5681C90BD79C}"
EndProject
Project("{FAE04EC0-301F-11D3-BF4B-00C04F79EFBC}") = "UIAutomatedTests", "UIAutomatedTests\UIAutomatedTests.csproj", "{019FEBEE-FC7B-4ABD-BDA5-995C2C1130C3}"
EndProject
Global
	GlobalSection(SolutionConfigurationPlatforms) = preSolution
		Debug|Any CPU = Debug|Any CPU
		Release|Any CPU = Release|Any CPU
	EndGlobalSection
	GlobalSection(ProjectConfigurationPlatforms) = postSolution
		{89B7DC34-0493-4209-AB57-5681C90BD79C}.Debug|Any CPU.ActiveCfg = Debug|Any CPU
		{89B7DC34-0493-4209-AB57-5681C90BD79C}.Debug|Any CPU.Build.0 = Debug|Any CPU
		{89B7DC34-0493-4209-AB57-5681C90BD79C}.Release|Any CPU.ActiveCfg = Release|Any CPU
		{89B7DC34-0493-4209-AB57-5681C90BD79C}.Release|Any CPU.Build.0 = Release|Any CPU
		{019FEBEE-FC7B-4ABD-BDA5-995C2C1130C3}.Debug|Any CPU.ActiveCfg = Debug|Any CPU
		{019FEBEE-FC7B-4ABD-BDA5-995C2C1130C3}.Debug|Any CPU.Build.0 = Debug|Any CPU
		{019FEBEE-FC7B-4ABD-BDA5-995C2C1130C3}.Release|Any CPU.ActiveCfg = Release|Any CPU
		{019FEBEE-FC7B-4ABD-BDA5-995C2C1130C3}.Release|Any CPU.Build.0 = Release|Any CPU
	EndGlobalSection
	GlobalSection(SolutionProperties) = preSolution
		HideSolutionNode = FALSE
	EndGlobalSection
	GlobalSection(ExtensibilityGlobals) = postSolution
		SolutionGuid = {8EEC9021-629D-4B8B-A62F-41D1017F37E0}
	EndGlobalSection
EndGlobal
